
Microsoft Visual Studio Solution File, Format Version 12.00
# Visual Studio Version 17
VisualStudioVersion = 17.10.35027.167
MinimumVisualStudioVersion = 10.0.40219.1
Project("{FAE04EC0-301F-11D3-BF4B-00C04F79EFBC}") = "231402_221225", "231402_221225\231402_221225.csproj", "{49F64AE2-9080-486F-9200-28EC2D5F73F0}"
EndProject
Global
	GlobalSection(SolutionConfigurationPlatforms) = preSolution
		Debug|Any CPU = Debug|Any CPU
		Release|Any CPU = Release|Any CPU
	EndGlobalSection
	GlobalSection(ProjectConfigurationPlatforms) = postSolution
		{49F64AE2-9080-486F-9200-28EC2D5F73F0}.Debug|Any CPU.ActiveCfg = Debug|Any CPU
		{49F64AE2-9080-486F-9200-28EC2D5F73F0}.Debug|Any CPU.Build.0 = Debug|Any CPU
		{49F64AE2-9080-486F-9200-28EC2D5F73F0}.Release|Any CPU.ActiveCfg = Release|Any CPU
		{49F64AE2-9080-486F-9200-28EC2D5F73F0}.Release|Any CPU.Build.0 = Release|Any CPU
	EndGlobalSection
	GlobalSection(SolutionProperties) = preSolution
		HideSolutionNode = FALSE
	EndGlobalSection
	GlobalSection(ExtensibilityGlobals) = postSolution
		SolutionGuid = {59A1B8E9-3375-49AD-8D47-079A4804757D}
	EndGlobalSection
EndGlobal
